{
  "requires": true,
  "lockfileVersion": 1,
  "dependencies": {
    "@yaireo/tagify": {
      "version": "3.2.6",
      "resolved": "https://registry.npmjs.org/@yaireo/tagify/-/tagify-3.2.6.tgz",
      "integrity": "sha512-IfLDoz/SEQw/0OzMWam9GoT5pqVfm4tvSl3J5eHJMGg1YcRR2Me4TKksxZHnVBpzODFq0abUKDUel8p7d55NJA=="
    }
  }
}
